
Microsoft Visual Studio Solution File, Format Version 12.00
# Visual Studio 15
VisualStudioVersion = 15.0.26124.0
MinimumVisualStudioVersion = 15.0.26124.0
Project("{FAE04EC0-301F-11D3-BF4B-00C04F79EFBC}") = "R5T.Zografou.Default.Construction", "R5T.Zografou.Default.Construction\R5T.Zografou.Default.Construction.csproj", "{CA199D20-E21B-459C-B702-92A0BB4FBDD1}"
EndProject
Project("{FAE04EC0-301F-11D3-BF4B-00C04F79EFBC}") = "R5T.Zografou.Default", "R5T.Zografou.Default\R5T.Zografou.Default.csproj", "{7DDE8D55-7075-44CD-ADEF-5B2C96D954BB}"
EndProject
Project("{FAE04EC0-301F-11D3-BF4B-00C04F79EFBC}") = "R5T.Zografou.Default.Testing", "R5T.Zografou.Default.Testing\R5T.Zografou.Default.Testing.csproj", "{F507A747-6BF8-450F-BCD5-36D003EF2A05}"
EndProject
Global
	GlobalSection(SolutionConfigurationPlatforms) = preSolution
		Debug|Any CPU = Debug|Any CPU
		Debug|x64 = Debug|x64
		Debug|x86 = Debug|x86
		Release|Any CPU = Release|Any CPU
		Release|x64 = Release|x64
		Release|x86 = Release|x86
	EndGlobalSection
	GlobalSection(SolutionProperties) = preSolution
		HideSolutionNode = FALSE
	EndGlobalSection
	GlobalSection(ProjectConfigurationPlatforms) = postSolution
		{CA199D20-E21B-459C-B702-92A0BB4FBDD1}.Debug|Any CPU.ActiveCfg = Debug|Any CPU
		{CA199D20-E21B-459C-B702-92A0BB4FBDD1}.Debug|Any CPU.Build.0 = Debug|Any CPU
		{CA199D20-E21B-459C-B702-92A0BB4FBDD1}.Debug|x64.ActiveCfg = Debug|Any CPU
		{CA199D20-E21B-459C-B702-92A0BB4FBDD1}.Debug|x64.Build.0 = Debug|Any CPU
		{CA199D20-E21B-459C-B702-92A0BB4FBDD1}.Debug|x86.ActiveCfg = Debug|Any CPU
		{CA199D20-E21B-459C-B702-92A0BB4FBDD1}.Debug|x86.Build.0 = Debug|Any CPU
		{CA199D20-E21B-459C-B702-92A0BB4FBDD1}.Release|Any CPU.ActiveCfg = Release|Any CPU
		{CA199D20-E21B-459C-B702-92A0BB4FBDD1}.Release|Any CPU.Build.0 = Release|Any CPU
		{CA199D20-E21B-459C-B702-92A0BB4FBDD1}.Release|x64.ActiveCfg = Release|Any CPU
		{CA199D20-E21B-459C-B702-92A0BB4FBDD1}.Release|x64.Build.0 = Release|Any CPU
		{CA199D20-E21B-459C-B702-92A0BB4FBDD1}.Release|x86.ActiveCfg = Release|Any CPU
		{CA199D20-E21B-459C-B702-92A0BB4FBDD1}.Release|x86.Build.0 = Release|Any CPU
		{7DDE8D55-7075-44CD-ADEF-5B2C96D954BB}.Debug|Any CPU.ActiveCfg = Debug|Any CPU
		{7DDE8D55-7075-44CD-ADEF-5B2C96D954BB}.Debug|Any CPU.Build.0 = Debug|Any CPU
		{7DDE8D55-7075-44CD-ADEF-5B2C96D954BB}.Debug|x64.ActiveCfg = Debug|Any CPU
		{7DDE8D55-7075-44CD-ADEF-5B2C96D954BB}.Debug|x64.Build.0 = Debug|Any CPU
		{7DDE8D55-7075-44CD-ADEF-5B2C96D954BB}.Debug|x86.ActiveCfg = Debug|Any CPU
		{7DDE8D55-7075-44CD-ADEF-5B2C96D954BB}.Debug|x86.Build.0 = Debug|Any CPU
		{7DDE8D55-7075-44CD-ADEF-5B2C96D954BB}.Release|Any CPU.ActiveCfg = Release|Any CPU
		{7DDE8D55-7075-44CD-ADEF-5B2C96D954BB}.Release|Any CPU.Build.0 = Release|Any CPU
		{7DDE8D55-7075-44CD-ADEF-5B2C96D954BB}.Release|x64.ActiveCfg = Release|Any CPU
		{7DDE8D55-7075-44CD-ADEF-5B2C96D954BB}.Release|x64.Build.0 = Release|Any CPU
		{7DDE8D55-7075-44CD-ADEF-5B2C96D954BB}.Release|x86.ActiveCfg = Release|Any CPU
		{7DDE8D55-7075-44CD-ADEF-5B2C96D954BB}.Release|x86.Build.0 = Release|Any CPU
		{F507A747-6BF8-450F-BCD5-36D003EF2A05}.Debug|Any CPU.ActiveCfg = Debug|Any CPU
		{F507A747-6BF8-450F-BCD5-36D003EF2A05}.Debug|Any CPU.Build.0 = Debug|Any CPU
		{F507A747-6BF8-450F-BCD5-36D003EF2A05}.Debug|x64.ActiveCfg = Debug|Any CPU
		{F507A747-6BF8-450F-BCD5-36D003EF2A05}.Debug|x64.Build.0 = Debug|Any CPU
		{F507A747-6BF8-450F-BCD5-36D003EF2A05}.Debug|x86.ActiveCfg = Debug|Any CPU
		{F507A747-6BF8-450F-BCD5-36D003EF2A05}.Debug|x86.Build.0 = Debug|Any CPU
		{F507A747-6BF8-450F-BCD5-36D003EF2A05}.Release|Any CPU.ActiveCfg = Release|Any CPU
		{F507A747-6BF8-450F-BCD5-36D003EF2A05}.Release|Any CPU.Build.0 = Release|Any CPU
		{F507A747-6BF8-450F-BCD5-36D003EF2A05}.Release|x64.ActiveCfg = Release|Any CPU
		{F507A747-6BF8-450F-BCD5-36D003EF2A05}.Release|x64.Build.0 = Release|Any CPU
		{F507A747-6BF8-450F-BCD5-36D003EF2A05}.Release|x86.ActiveCfg = Release|Any CPU
		{F507A747-6BF8-450F-BCD5-36D003EF2A05}.Release|x86.Build.0 = Release|Any CPU
	EndGlobalSection
EndGlobal
